
Microsoft Visual Studio Solution File, Format Version 12.00
# Visual Studio Version 17
VisualStudioVersion = 17.7.34031.279
MinimumVisualStudioVersion = 10.0.40219.1
Project("{FAE04EC0-301F-11D3-BF4B-00C04F79EFBC}") = "Hw.04.11.23", "Hw.04.11.23.csproj", "{77830001-9058-404B-8154-C322545468FB}"
EndProject
Global
	GlobalSection(SolutionConfigurationPlatforms) = preSolution
		Debug|Any CPU = Debug|Any CPU
		Release|Any CPU = Release|Any CPU
	EndGlobalSection
	GlobalSection(ProjectConfigurationPlatforms) = postSolution
		{77830001-9058-404B-8154-C322545468FB}.Debug|Any CPU.ActiveCfg = Debug|Any CPU
		{77830001-9058-404B-8154-C322545468FB}.Debug|Any CPU.Build.0 = Debug|Any CPU
		{77830001-9058-404B-8154-C322545468FB}.Release|Any CPU.ActiveCfg = Release|Any CPU
		{77830001-9058-404B-8154-C322545468FB}.Release|Any CPU.Build.0 = Release|Any CPU
	EndGlobalSection
	GlobalSection(SolutionProperties) = preSolution
		HideSolutionNode = FALSE
	EndGlobalSection
	GlobalSection(ExtensibilityGlobals) = postSolution
		SolutionGuid = {8248DA27-9116-4F1A-AF88-1EE3171CFFF4}
	EndGlobalSection
EndGlobal
